
Microsoft Visual Studio Solution File, Format Version 12.00
# Visual Studio 15
VisualStudioVersion = 15.0.28307.438
MinimumVisualStudioVersion = 10.0.40219.1
Project("{FAE04EC0-301F-11D3-BF4B-00C04F79EFBC}") = "ColorSwitcher.Android", "ColorSwitcher\ColorSwitcher.Android\ColorSwitcher.Android.csproj", "{8839C263-EB65-4CD8-A7BA-F7624C48A807}"
EndProject
Project("{FAE04EC0-301F-11D3-BF4B-00C04F79EFBC}") = "ColorSwitcher.iOS", "ColorSwitcher\ColorSwitcher.iOS\ColorSwitcher.iOS.csproj", "{86CAEC5E-186D-4C76-94EC-7AC156C7F6A6}"
EndProject
Project("{FAE04EC0-301F-11D3-BF4B-00C04F79EFBC}") = "ColorSwitcher.UWP", "ColorSwitcher\ColorSwitcher.UWP\ColorSwitcher.UWP.csproj", "{1206956A-7616-4ADE-8E3A-9AF3EE64A843}"
EndProject
Project("{FAE04EC0-301F-11D3-BF4B-00C04F79EFBC}") = "ColorSwitcher", "ColorSwitcher\ColorSwitcher\ColorSwitcher.csproj", "{4BFF58CA-48D1-4563-A1EF-766524338077}"
EndProject
Global
	GlobalSection(SolutionConfigurationPlatforms) = preSolution
		Ad-Hoc|Any CPU = Ad-Hoc|Any CPU
		Ad-Hoc|ARM = Ad-Hoc|ARM
		Ad-Hoc|iPhone = Ad-Hoc|iPhone
		Ad-Hoc|iPhoneSimulator = Ad-Hoc|iPhoneSimulator
		Ad-Hoc|x64 = Ad-Hoc|x64
		Ad-Hoc|x86 = Ad-Hoc|x86
		AppStore|Any CPU = AppStore|Any CPU
		AppStore|ARM = AppStore|ARM
		AppStore|iPhone = AppStore|iPhone
		AppStore|iPhoneSimulator = AppStore|iPhoneSimulator
		AppStore|x64 = AppStore|x64
		AppStore|x86 = AppStore|x86
		Debug|Any CPU = Debug|Any CPU
		Debug|ARM = Debug|ARM
		Debug|iPhone = Debug|iPhone
		Debug|iPhoneSimulator = Debug|iPhoneSimulator
		Debug|x64 = Debug|x64
		Debug|x86 = Debug|x86
		Release|Any CPU = Release|Any CPU
		Release|ARM = Release|ARM
		Release|iPhone = Release|iPhone
		Release|iPhoneSimulator = Release|iPhoneSimulator
		Release|x64 = Release|x64
		Release|x86 = Release|x86
	EndGlobalSection
	GlobalSection(ProjectConfigurationPlatforms) = postSolution
		{8839C263-EB65-4CD8-A7BA-F7624C48A807}.Ad-Hoc|Any CPU.ActiveCfg = Release|Any CPU
		{8839C263-EB65-4CD8-A7BA-F7624C48A807}.Ad-Hoc|Any CPU.Build.0 = Release|Any CPU
		{8839C263-EB65-4CD8-A7BA-F7624C48A807}.Ad-Hoc|Any CPU.Deploy.0 = Release|Any CPU
		{8839C263-EB65-4CD8-A7BA-F7624C48A807}.Ad-Hoc|ARM.ActiveCfg = Release|Any CPU
		{8839C263-EB65-4CD8-A7BA-F7624C48A807}.Ad-Hoc|ARM.Build.0 = Release|Any CPU
		{8839C263-EB65-4CD8-A7BA-F7624C48A807}.Ad-Hoc|ARM.Deploy.0 = Release|Any CPU
		{8839C263-EB65-4CD8-A7BA-F7624C48A807}.Ad-Hoc|iPhone.ActiveCfg = Release|Any CPU
		{8839C263-EB65-4CD8-A7BA-F7624C48A807}.Ad-Hoc|iPhone.Build.0 = Release|Any CPU
		{8839C263-EB65-4CD8-A7BA-F7624C48A807}.Ad-Hoc|iPhone.Deploy.0 = Release|Any CPU
		{8839C263-EB65-4CD8-A7BA-F7624C48A807}.Ad-Hoc|iPhoneSimulator.ActiveCfg = Release|Any CPU
		{8839C263-EB65-4CD8-A7BA-F7624C48A807}.Ad-Hoc|iPhoneSimulator.Build.0 = Release|Any CPU
		{8839C263-EB65-4CD8-A7BA-F7624C48A807}.Ad-Hoc|iPhoneSimulator.Deploy.0 = Release|Any CPU
		{8839C263-EB65-4CD8-A7BA-F7624C48A807}.Ad-Hoc|x64.ActiveCfg = Release|Any CPU
		{8839C263-EB65-4CD8-A7BA-F7624C48A807}.Ad-Hoc|x64.Build.0 = Release|Any CPU
		{8839C263-EB65-4CD8-A7BA-F7624C48A807}.Ad-Hoc|x64.Deploy.0 = Release|Any CPU
		{8839C263-EB65-4CD8-A7BA-F7624C48A807}.Ad-Hoc|x86.ActiveCfg = Release|Any CPU
		{8839C263-EB65-4CD8-A7BA-F7624C48A807}.Ad-Hoc|x86.Build.0 = Release|Any CPU
		{8839C263-EB65-4CD8-A7BA-F7624C48A807}.Ad-Hoc|x86.Deploy.0 = Release|Any CPU
		{8839C263-EB65-4CD8-A7BA-F7624C48A807}.AppStore|Any CPU.ActiveCfg = Release|Any CPU
		{8839C263-EB65-4CD8-A7BA-F7624C48A807}.AppStore|Any CPU.Build.0 = Release|Any CPU
		{8839C263-EB65-4CD8-A7BA-F7624C48A807}.AppStore|Any CPU.Deploy.0 = Release|Any CPU
		{8839C263-EB65-4CD8-A7BA-F7624C48A807}.AppStore|ARM.ActiveCfg = Release|Any CPU
		{8839C263-EB65-4CD8-A7BA-F7624C48A807}.AppStore|ARM.Build.0 = Release|Any CPU
		{8839C263-EB65-4CD8-A7BA-F7624C48A807}.AppStore|ARM.Deploy.0 = Release|Any CPU
		{8839C263-EB65-4CD8-A7BA-F7624C48A807}.AppStore|iPhone.ActiveCfg = Release|Any CPU
		{8839C263-EB65-4CD8-A7BA-F7624C48A807}.AppStore|iPhone.Build.0 = Release|Any CPU
		{8839C263-EB65-4CD8-A7BA-F7624C48A807}.AppStore|iPhone.Deploy.0 = Release|Any CPU
		{8839C263-EB65-4CD8-A7BA-F7624C48A807}.AppStore|iPhoneSimulator.ActiveCfg = Release|Any CPU
		{8839C263-EB65-4CD8-A7BA-F7624C48A807}.AppStore|iPhoneSimulator.Build.0 = Release|Any CPU
		{8839C263-EB65-4CD8-A7BA-F7624C48A807}.AppStore|iPhoneSimulator.Deploy.0 = Release|Any CPU
		{8839C263-EB65-4CD8-A7BA-F7624C48A807}.AppStore|x64.ActiveCfg = Release|Any CPU
		{8839C263-EB65-4CD8-A7BA-F7624C48A807}.AppStore|x64.Build.0 = Release|Any CPU
		{8839C263-EB65-4CD8-A7BA-F7624C48A807}.AppStore|x64.Deploy.0 = Release|Any CPU
		{8839C263-EB65-4CD8-A7BA-F7624C48A807}.AppStore|x86.ActiveCfg = Release|Any CPU
		{8839C263-EB65-4CD8-A7BA-F7624C48A807}.AppStore|x86.Build.0 = Release|Any CPU
		{8839C263-EB65-4CD8-A7BA-F7624C48A807}.AppStore|x86.Deploy.0 = Release|Any CPU
		{8839C263-EB65-4CD8-A7BA-F7624C48A807}.Debug|Any CPU.ActiveCfg = Debug|Any CPU
		{8839C263-EB65-4CD8-A7BA-F7624C48A807}.Debug|Any CPU.Build.0 = Debug|Any CPU
		{8839C263-EB65-4CD8-A7BA-F7624C48A807}.Debug|Any CPU.Deploy.0 = Debug|Any CPU
		{8839C263-EB65-4CD8-A7BA-F7624C48A807}.Debug|ARM.ActiveCfg = Debug|Any CPU
		{8839C263-EB65-4CD8-A7BA-F7624C48A807}.Debug|ARM.Build.0 = Debug|Any CPU
		{8839C263-EB65-4CD8-A7BA-F7624C48A807}.Debug|ARM.Deploy.0 = Debug|Any CPU
		{8839C263-EB65-4CD8-A7BA-F7624C48A807}.Debug|iPhone.ActiveCfg = Debug|Any CPU
		{8839C263-EB65-4CD8-A7BA-F7624C48A807}.Debug|iPhone.Build.0 = Debug|Any CPU
		{8839C263-EB65-4CD8-A7BA-F7624C48A807}.Debug|iPhone.Deploy.0 = Debug|Any CPU
		{8839C263-EB65-4CD8-A7BA-F7624C48A807}.Debug|iPhoneSimulator.ActiveCfg = Debug|Any CPU
		{8839C263-EB65-4CD8-A7BA-F7624C48A807}.Debug|iPhoneSimulator.Build.0 = Debug|Any CPU
		{8839C263-EB65-4CD8-A7BA-F7624C48A807}.Debug|iPhoneSimulator.Deploy.0 = Debug|Any CPU
		{8839C263-EB65-4CD8-A7BA-F7624C48A807}.Debug|x64.ActiveCfg = Debug|Any CPU
		{8839C263-EB65-4CD8-A7BA-F7624C48A807}.Debug|x64.Build.0 = Debug|Any CPU
		{8839C263-EB65-4CD8-A7BA-F7624C48A807}.Debug|x64.Deploy.0 = Debug|Any CPU
		{8839C263-EB65-4CD8-A7BA-F7624C48A807}.Debug|x86.ActiveCfg = Debug|Any CPU
		{8839C263-EB65-4CD8-A7BA-F7624C48A807}.Debug|x86.Build.0 = Debug|Any CPU
		{8839C263-EB65-4CD8-A7BA-F7624C48A807}.Debug|x86.Deploy.0 = Debug|Any CPU
		{8839C263-EB65-4CD8-A7BA-F7624C48A807}.Release|Any CPU.ActiveCfg = Release|Any CPU
		{8839C263-EB65-4CD8-A7BA-F7624C48A807}.Release|Any CPU.Build.0 = Release|Any CPU
		{8839C263-EB65-4CD8-A7BA-F7624C48A807}.Release|Any CPU.Deploy.0 = Release|Any CPU
		{8839C263-EB65-4CD8-A7BA-F7624C48A807}.Release|ARM.ActiveCfg = Release|Any CPU
		{8839C263-EB65-4CD8-A7BA-F7624C48A807}.Release|ARM.Build.0 = Release|Any CPU
		{8839C263-EB65-4CD8-A7BA-F7624C48A807}.Release|ARM.Deploy.0 = Release|Any CPU
		{8839C263-EB65-4CD8-A7BA-F7624C48A807}.Release|iPhone.ActiveCfg = Release|Any CPU
		{8839C263-EB65-4CD8-A7BA-F7624C48A807}.Release|iPhone.Build.0 = Release|Any CPU
		{8839C263-EB65-4CD8-A7BA-F7624C48A807}.Release|iPhone.Deploy.0 = Release|Any CPU
		{8839C263-EB65-4CD8-A7BA-F7624C48A807}.Release|iPhoneSimulator.ActiveCfg = Release|Any CPU
		{8839C263-EB65-4CD8-A7BA-F7624C48A807}.Release|iPhoneSimulator.Build.0 = Release|Any CPU
		{8839C263-EB65-4CD8-A7BA-F7624C48A807}.Release|iPhoneSimulator.Deploy.0 = Release|Any CPU
		{8839C263-EB65-4CD8-A7BA-F7624C48A807}.Release|x64.ActiveCfg = Release|Any CPU
		{8839C263-EB65-4CD8-A7BA-F7624C48A807}.Release|x64.Build.0 = Release|Any CPU
		{8839C263-EB65-4CD8-A7BA-F7624C48A807}.Release|x64.Deploy.0 = Release|Any CPU
		{8839C263-EB65-4CD8-A7BA-F7624C48A807}.Release|x86.ActiveCfg = Release|Any CPU
		{8839C263-EB65-4CD8-A7BA-F7624C48A807}.Release|x86.Build.0 = Release|Any CPU
		{8839C263-EB65-4CD8-A7BA-F7624C48A807}.Release|x86.Deploy.0 = Release|Any CPU
		{86CAEC5E-186D-4C76-94EC-7AC156C7F6A6}.Ad-Hoc|Any CPU.ActiveCfg = Ad-Hoc|iPhone
		{86CAEC5E-186D-4C76-94EC-7AC156C7F6A6}.Ad-Hoc|Any CPU.Build.0 = Ad-Hoc|iPhone
		{86CAEC5E-186D-4C76-94EC-7AC156C7F6A6}.Ad-Hoc|Any CPU.Deploy.0 = Ad-Hoc|iPhone
		{86CAEC5E-186D-4C76-94EC-7AC156C7F6A6}.Ad-Hoc|ARM.ActiveCfg = Ad-Hoc|iPhone
		{86CAEC5E-186D-4C76-94EC-7AC156C7F6A6}.Ad-Hoc|ARM.Build.0 = Ad-Hoc|iPhone
		{86CAEC5E-186D-4C76-94EC-7AC156C7F6A6}.Ad-Hoc|ARM.Deploy.0 = Ad-Hoc|iPhone
		{86CAEC5E-186D-4C76-94EC-7AC156C7F6A6}.Ad-Hoc|iPhone.ActiveCfg = Ad-Hoc|iPhone
		{86CAEC5E-186D-4C76-94EC-7AC156C7F6A6}.Ad-Hoc|iPhone.Build.0 = Ad-Hoc|iPhone
		{86CAEC5E-186D-4C76-94EC-7AC156C7F6A6}.Ad-Hoc|iPhone.Deploy.0 = Ad-Hoc|iPhone
		{86CAEC5E-186D-4C76-94EC-7AC156C7F6A6}.Ad-Hoc|iPhoneSimulator.ActiveCfg = Ad-Hoc|iPhoneSimulator
		{86CAEC5E-186D-4C76-94EC-7AC156C7F6A6}.Ad-Hoc|iPhoneSimulator.Build.0 = Ad-Hoc|iPhoneSimulator
		{86CAEC5E-186D-4C76-94EC-7AC156C7F6A6}.Ad-Hoc|iPhoneSimulator.Deploy.0 = Ad-Hoc|iPhoneSimulator
		{86CAEC5E-186D-4C76-94EC-7AC156C7F6A6}.Ad-Hoc|x64.ActiveCfg = Ad-Hoc|iPhone
		{86CAEC5E-186D-4C76-94EC-7AC156C7F6A6}.Ad-Hoc|x64.Build.0 = Ad-Hoc|iPhone
		{86CAEC5E-186D-4C76-94EC-7AC156C7F6A6}.Ad-Hoc|x64.Deploy.0 = Ad-Hoc|iPhone
		{86CAEC5E-186D-4C76-94EC-7AC156C7F6A6}.Ad-Hoc|x86.ActiveCfg = Ad-Hoc|iPhone
		{86CAEC5E-186D-4C76-94EC-7AC156C7F6A6}.Ad-Hoc|x86.Build.0 = Ad-Hoc|iPhone
		{86CAEC5E-186D-4C76-94EC-7AC156C7F6A6}.Ad-Hoc|x86.Deploy.0 = Ad-Hoc|iPhone
		{86CAEC5E-186D-4C76-94EC-7AC156C7F6A6}.AppStore|Any CPU.ActiveCfg = AppStore|iPhone
		{86CAEC5E-186D-4C76-94EC-7AC156C7F6A6}.AppStore|Any CPU.Build.0 = AppStore|iPhone
		{86CAEC5E-186D-4C76-94EC-7AC156C7F6A6}.AppStore|Any CPU.Deploy.0 = AppStore|iPhone
		{86CAEC5E-186D-4C76-94EC-7AC156C7F6A6}.AppStore|ARM.ActiveCfg = AppStore|iPhone
		{86CAEC5E-186D-4C76-94EC-7AC156C7F6A6}.AppStore|ARM.Build.0 = AppStore|iPhone
		{86CAEC5E-186D-4C76-94EC-7AC156C7F6A6}.AppStore|ARM.Deploy.0 = AppStore|iPhone
		{86CAEC5E-186D-4C76-94EC-7AC156C7F6A6}.AppStore|iPhone.ActiveCfg = AppStore|iPhone
		{86CAEC5E-186D-4C76-94EC-7AC156C7F6A6}.AppStore|iPhone.Build.0 = AppStore|iPhone
		{86CAEC5E-186D-4C76-94EC-7AC156C7F6A6}.AppStore|iPhone.Deploy.0 = AppStore|iPhone
		{86CAEC5E-186D-4C76-94EC-7AC156C7F6A6}.AppStore|iPhoneSimulator.ActiveCfg = AppStore|iPhoneSimulator
		{86CAEC5E-186D-4C76-94EC-7AC156C7F6A6}.AppStore|iPhoneSimulator.Build.0 = AppStore|iPhoneSimulator
		{86CAEC5E-186D-4C76-94EC-7AC156C7F6A6}.AppStore|iPhoneSimulator.Deploy.0 = AppStore|iPhoneSimulator
		{86CAEC5E-186D-4C76-94EC-7AC156C7F6A6}.AppStore|x64.ActiveCfg = AppStore|iPhone
		{86CAEC5E-186D-4C76-94EC-7AC156C7F6A6}.AppStore|x64.Build.0 = AppStore|iPhone
		{86CAEC5E-186D-4C76-94EC-7AC156C7F6A6}.AppStore|x64.Deploy.0 = AppStore|iPhone
		{86CAEC5E-186D-4C76-94EC-7AC156C7F6A6}.AppStore|x86.ActiveCfg = AppStore|iPhone
		{86CAEC5E-186D-4C76-94EC-7AC156C7F6A6}.AppStore|x86.Build.0 = AppStore|iPhone
		{86CAEC5E-186D-4C76-94EC-7AC156C7F6A6}.AppStore|x86.Deploy.0 = AppStore|iPhone
		{86CAEC5E-186D-4C76-94EC-7AC156C7F6A6}.Debug|Any CPU.ActiveCfg = Debug|iPhoneSimulator
		{86CAEC5E-186D-4C76-94EC-7AC156C7F6A6}.Debug|Any CPU.Build.0 = Debug|iPhoneSimulator
		{86CAEC5E-186D-4C76-94EC-7AC156C7F6A6}.Debug|Any CPU.Deploy.0 = Debug|iPhoneSimulator
		{86CAEC5E-186D-4C76-94EC-7AC156C7F6A6}.Debug|ARM.ActiveCfg = Debug|iPhone
		{86CAEC5E-186D-4C76-94EC-7AC156C7F6A6}.Debug|ARM.Build.0 = Debug|iPhone
		{86CAEC5E-186D-4C76-94EC-7AC156C7F6A6}.Debug|ARM.Deploy.0 = Debug|iPhone
		{86CAEC5E-186D-4C76-94EC-7AC156C7F6A6}.Debug|iPhone.ActiveCfg = Debug|iPhone
		{86CAEC5E-186D-4C76-94EC-7AC156C7F6A6}.Debug|iPhone.Build.0 = Debug|iPhone
		{86CAEC5E-186D-4C76-94EC-7AC156C7F6A6}.Debug|iPhone.Deploy.0 = Debug|iPhone
		{86CAEC5E-186D-4C76-94EC-7AC156C7F6A6}.Debug|iPhoneSimulator.ActiveCfg = Debug|iPhoneSimulator
		{86CAEC5E-186D-4C76-94EC-7AC156C7F6A6}.Debug|iPhoneSimulator.Build.0 = Debug|iPhoneSimulator
		{86CAEC5E-186D-4C76-94EC-7AC156C7F6A6}.Debug|iPhoneSimulator.Deploy.0 = Debug|iPhoneSimulator
		{86CAEC5E-186D-4C76-94EC-7AC156C7F6A6}.Debug|x64.ActiveCfg = Debug|iPhone
		{86CAEC5E-186D-4C76-94EC-7AC156C7F6A6}.Debug|x64.Build.0 = Debug|iPhone
		{86CAEC5E-186D-4C76-94EC-7AC156C7F6A6}.Debug|x64.Deploy.0 = Debug|iPhone
		{86CAEC5E-186D-4C76-94EC-7AC156C7F6A6}.Debug|x86.ActiveCfg = Debug|iPhone
		{86CAEC5E-186D-4C76-94EC-7AC156C7F6A6}.Debug|x86.Build.0 = Debug|iPhone
		{86CAEC5E-186D-4C76-94EC-7AC156C7F6A6}.Debug|x86.Deploy.0 = Debug|iPhone
		{86CAEC5E-186D-4C76-94EC-7AC156C7F6A6}.Release|Any CPU.ActiveCfg = Release|iPhone
		{86CAEC5E-186D-4C76-94EC-7AC156C7F6A6}.Release|Any CPU.Build.0 = Release|iPhone
		{86CAEC5E-186D-4C76-94EC-7AC156C7F6A6}.Release|Any CPU.Deploy.0 = Release|iPhone
		{86CAEC5E-186D-4C76-94EC-7AC156C7F6A6}.Release|ARM.ActiveCfg = Release|iPhone
		{86CAEC5E-186D-4C76-94EC-7AC156C7F6A6}.Release|ARM.Build.0 = Release|iPhone
		{86CAEC5E-186D-4C76-94EC-7AC156C7F6A6}.Release|ARM.Deploy.0 = Release|iPhone
		{86CAEC5E-186D-4C76-94EC-7AC156C7F6A6}.Release|iPhone.ActiveCfg = Release|iPhone
		{86CAEC5E-186D-4C76-94EC-7AC156C7F6A6}.Release|iPhone.Build.0 = Release|iPhone
		{86CAEC5E-186D-4C76-94EC-7AC156C7F6A6}.Release|iPhone.Deploy.0 = Release|iPhone
		{86CAEC5E-186D-4C76-94EC-7AC156C7F6A6}.Release|iPhoneSimulator.ActiveCfg = Release|iPhoneSimulator
		{86CAEC5E-186D-4C76-94EC-7AC156C7F6A6}.Release|iPhoneSimulator.Build.0 = Release|iPhoneSimulator
		{86CAEC5E-186D-4C76-94EC-7AC156C7F6A6}.Release|iPhoneSimulator.Deploy.0 = Release|iPhoneSimulator
		{86CAEC5E-186D-4C76-94EC-7AC156C7F6A6}.Release|x64.ActiveCfg = Release|iPhone
		{86CAEC5E-186D-4C76-94EC-7AC156C7F6A6}.Release|x64.Build.0 = Release|iPhone
		{86CAEC5E-186D-4C76-94EC-7AC156C7F6A6}.Release|x64.Deploy.0 = Release|iPhone
		{86CAEC5E-186D-4C76-94EC-7AC156C7F6A6}.Release|x86.ActiveCfg = Release|iPhone
		{86CAEC5E-186D-4C76-94EC-7AC156C7F6A6}.Release|x86.Build.0 = Release|iPhone
		{86CAEC5E-186D-4C76-94EC-7AC156C7F6A6}.Release|x86.Deploy.0 = Release|iPhone
		{1206956A-7616-4ADE-8E3A-9AF3EE64A843}.Ad-Hoc|Any CPU.ActiveCfg = Release|x86
		{1206956A-7616-4ADE-8E3A-9AF3EE64A843}.Ad-Hoc|Any CPU.Build.0 = Release|x86
		{1206956A-7616-4ADE-8E3A-9AF3EE64A843}.Ad-Hoc|Any CPU.Deploy.0 = Release|x86
		{1206956A-7616-4ADE-8E3A-9AF3EE64A843}.Ad-Hoc|ARM.ActiveCfg = Release|ARM
		{1206956A-7616-4ADE-8E3A-9AF3EE64A843}.Ad-Hoc|ARM.Build.0 = Release|ARM
		{1206956A-7616-4ADE-8E3A-9AF3EE64A843}.Ad-Hoc|ARM.Deploy.0 = Release|ARM
		{1206956A-7616-4ADE-8E3A-9AF3EE64A843}.Ad-Hoc|iPhone.ActiveCfg = Release|x86
		{1206956A-7616-4ADE-8E3A-9AF3EE64A843}.Ad-Hoc|iPhone.Build.0 = Release|x86
		{1206956A-7616-4ADE-8E3A-9AF3EE64A843}.Ad-Hoc|iPhone.Deploy.0 = Release|x86
		{1206956A-7616-4ADE-8E3A-9AF3EE64A843}.Ad-Hoc|iPhoneSimulator.ActiveCfg = Release|x86
		{1206956A-7616-4ADE-8E3A-9AF3EE64A843}.Ad-Hoc|iPhoneSimulator.Build.0 = Release|x86
		{1206956A-7616-4ADE-8E3A-9AF3EE64A843}.Ad-Hoc|iPhoneSimulator.Deploy.0 = Release|x86
		{1206956A-7616-4ADE-8E3A-9AF3EE64A843}.Ad-Hoc|x64.ActiveCfg = Release|x64
		{1206956A-7616-4ADE-8E3A-9AF3EE64A843}.Ad-Hoc|x64.Build.0 = Release|x64
		{1206956A-7616-4ADE-8E3A-9AF3EE64A843}.Ad-Hoc|x64.Deploy.0 = Release|x64
		{1206956A-7616-4ADE-8E3A-9AF3EE64A843}.Ad-Hoc|x86.ActiveCfg = Release|x86
		{1206956A-7616-4ADE-8E3A-9AF3EE64A843}.Ad-Hoc|x86.Build.0 = Release|x86
		{1206956A-7616-4ADE-8E3A-9AF3EE64A843}.Ad-Hoc|x86.Deploy.0 = Release|x86
		{1206956A-7616-4ADE-8E3A-9AF3EE64A843}.AppStore|Any CPU.ActiveCfg = Release|x86
		{1206956A-7616-4ADE-8E3A-9AF3EE64A843}.AppStore|Any CPU.Build.0 = Release|x86
		{1206956A-7616-4ADE-8E3A-9AF3EE64A843}.AppStore|Any CPU.Deploy.0 = Release|x86
		{1206956A-7616-4ADE-8E3A-9AF3EE64A843}.AppStore|ARM.ActiveCfg = Release|ARM
		{1206956A-7616-4ADE-8E3A-9AF3EE64A843}.AppStore|ARM.Build.0 = Release|ARM
		{1206956A-7616-4ADE-8E3A-9AF3EE64A843}.AppStore|ARM.Deploy.0 = Release|ARM
		{1206956A-7616-4ADE-8E3A-9AF3EE64A843}.AppStore|iPhone.ActiveCfg = Release|x86
		{1206956A-7616-4ADE-8E3A-9AF3EE64A843}.AppStore|iPhone.Build.0 = Release|x86
		{1206956A-7616-4ADE-8E3A-9AF3EE64A843}.AppStore|iPhone.Deploy.0 = Release|x86
		{1206956A-7616-4ADE-8E3A-9AF3EE64A843}.AppStore|iPhoneSimulator.ActiveCfg = Release|x86
		{1206956A-7616-4ADE-8E3A-9AF3EE64A843}.AppStore|iPhoneSimulator.Build.0 = Release|x86
		{1206956A-7616-4ADE-8E3A-9AF3EE64A843}.AppStore|iPhoneSimulator.Deploy.0 = Release|x86
		{1206956A-7616-4ADE-8E3A-9AF3EE64A843}.AppStore|x64.ActiveCfg = Release|x64
		{1206956A-7616-4ADE-8E3A-9AF3EE64A843}.AppStore|x64.Build.0 = Release|x64
		{1206956A-7616-4ADE-8E3A-9AF3EE64A843}.AppStore|x64.Deploy.0 = Release|x64
		{1206956A-7616-4ADE-8E3A-9AF3EE64A843}.AppStore|x86.ActiveCfg = Release|x86
		{1206956A-7616-4ADE-8E3A-9AF3EE64A843}.AppStore|x86.Build.0 = Release|x86
		{1206956A-7616-4ADE-8E3A-9AF3EE64A843}.AppStore|x86.Deploy.0 = Release|x86
		{1206956A-7616-4ADE-8E3A-9AF3EE64A843}.Debug|Any CPU.ActiveCfg = Debug|x86
		{1206956A-7616-4ADE-8E3A-9AF3EE64A843}.Debug|Any CPU.Build.0 = Debug|x86
		{1206956A-7616-4ADE-8E3A-9AF3EE64A843}.Debug|Any CPU.Deploy.0 = Debug|x86
		{1206956A-7616-4ADE-8E3A-9AF3EE64A843}.Debug|ARM.ActiveCfg = Debug|ARM
		{1206956A-7616-4ADE-8E3A-9AF3EE64A843}.Debug|ARM.Build.0 = Debug|ARM
		{1206956A-7616-4ADE-8E3A-9AF3EE64A843}.Debug|ARM.Deploy.0 = Debug|ARM
		{1206956A-7616-4ADE-8E3A-9AF3EE64A843}.Debug|iPhone.ActiveCfg = Debug|x86
		{1206956A-7616-4ADE-8E3A-9AF3EE64A843}.Debug|iPhone.Build.0 = Debug|x86
		{1206956A-7616-4ADE-8E3A-9AF3EE64A843}.Debug|iPhone.Deploy.0 = Debug|x86
		{1206956A-7616-4ADE-8E3A-9AF3EE64A843}.Debug|iPhoneSimulator.ActiveCfg = Debug|x86
		{1206956A-7616-4ADE-8E3A-9AF3EE64A843}.Debug|iPhoneSimulator.Build.0 = Debug|x86
		{1206956A-7616-4ADE-8E3A-9AF3EE64A843}.Debug|iPhoneSimulator.Deploy.0 = Debug|x86
		{1206956A-7616-4ADE-8E3A-9AF3EE64A843}.Debug|x64.ActiveCfg = Debug|x64
		{1206956A-7616-4ADE-8E3A-9AF3EE64A843}.Debug|x64.Build.0 = Debug|x64
		{1206956A-7616-4ADE-8E3A-9AF3EE64A843}.Debug|x64.Deploy.0 = Debug|x64
		{1206956A-7616-4ADE-8E3A-9AF3EE64A843}.Debug|x86.ActiveCfg = Debug|x86
		{1206956A-7616-4ADE-8E3A-9AF3EE64A843}.Debug|x86.Build.0 = Debug|x86
		{1206956A-7616-4ADE-8E3A-9AF3EE64A843}.Debug|x86.Deploy.0 = Debug|x86
		{1206956A-7616-4ADE-8E3A-9AF3EE64A843}.Release|Any CPU.ActiveCfg = Release|x86
		{1206956A-7616-4ADE-8E3A-9AF3EE64A843}.Release|Any CPU.Build.0 = Release|x86
		{1206956A-7616-4ADE-8E3A-9AF3EE64A843}.Release|Any CPU.Deploy.0 = Release|x86
		{1206956A-7616-4ADE-8E3A-9AF3EE64A843}.Release|ARM.ActiveCfg = Release|ARM
		{1206956A-7616-4ADE-8E3A-9AF3EE64A843}.Release|ARM.Build.0 = Release|ARM
		{1206956A-7616-4ADE-8E3A-9AF3EE64A843}.Release|ARM.Deploy.0 = Release|ARM
		{1206956A-7616-4ADE-8E3A-9AF3EE64A843}.Release|iPhone.ActiveCfg = Release|x86
		{1206956A-7616-4ADE-8E3A-9AF3EE64A843}.Release|iPhone.Build.0 = Release|x86
		{1206956A-7616-4ADE-8E3A-9AF3EE64A843}.Release|iPhone.Deploy.0 = Release|x86
		{1206956A-7616-4ADE-8E3A-9AF3EE64A843}.Release|iPhoneSimulator.ActiveCfg = Release|x86
		{1206956A-7616-4ADE-8E3A-9AF3EE64A843}.Release|iPhoneSimulator.Build.0 = Release|x86
		{1206956A-7616-4ADE-8E3A-9AF3EE64A843}.Release|iPhoneSimulator.Deploy.0 = Release|x86
		{1206956A-7616-4ADE-8E3A-9AF3EE64A843}.Release|x64.ActiveCfg = Release|x64
		{1206956A-7616-4ADE-8E3A-9AF3EE64A843}.Release|x64.Build.0 = Release|x64
		{1206956A-7616-4ADE-8E3A-9AF3EE64A843}.Release|x64.Deploy.0 = Release|x64
		{1206956A-7616-4ADE-8E3A-9AF3EE64A843}.Release|x86.ActiveCfg = Release|x86
		{1206956A-7616-4ADE-8E3A-9AF3EE64A843}.Release|x86.Build.0 = Release|x86
		{1206956A-7616-4ADE-8E3A-9AF3EE64A843}.Release|x86.Deploy.0 = Release|x86
		{4BFF58CA-48D1-4563-A1EF-766524338077}.Ad-Hoc|Any CPU.ActiveCfg = Debug|Any CPU
		{4BFF58CA-48D1-4563-A1EF-766524338077}.Ad-Hoc|Any CPU.Build.0 = Debug|Any CPU
		{4BFF58CA-48D1-4563-A1EF-766524338077}.Ad-Hoc|Any CPU.Deploy.0 = Debug|Any CPU
		{4BFF58CA-48D1-4563-A1EF-766524338077}.Ad-Hoc|ARM.ActiveCfg = Debug|Any CPU
		{4BFF58CA-48D1-4563-A1EF-766524338077}.Ad-Hoc|ARM.Build.0 = Debug|Any CPU
		{4BFF58CA-48D1-4563-A1EF-766524338077}.Ad-Hoc|ARM.Deploy.0 = Debug|Any CPU
		{4BFF58CA-48D1-4563-A1EF-766524338077}.Ad-Hoc|iPhone.ActiveCfg = Debug|Any CPU
		{4BFF58CA-48D1-4563-A1EF-766524338077}.Ad-Hoc|iPhone.Build.0 = Debug|Any CPU
		{4BFF58CA-48D1-4563-A1EF-766524338077}.Ad-Hoc|iPhone.Deploy.0 = Debug|Any CPU
		{4BFF58CA-48D1-4563-A1EF-766524338077}.Ad-Hoc|iPhoneSimulator.ActiveCfg = Debug|Any CPU
		{4BFF58CA-48D1-4563-A1EF-766524338077}.Ad-Hoc|iPhoneSimulator.Build.0 = Debug|Any CPU
		{4BFF58CA-48D1-4563-A1EF-766524338077}.Ad-Hoc|iPhoneSimulator.Deploy.0 = Debug|Any CPU
		{4BFF58CA-48D1-4563-A1EF-766524338077}.Ad-Hoc|x64.ActiveCfg = Debug|Any CPU
		{4BFF58CA-48D1-4563-A1EF-766524338077}.Ad-Hoc|x64.Build.0 = Debug|Any CPU
		{4BFF58CA-48D1-4563-A1EF-766524338077}.Ad-Hoc|x64.Deploy.0 = Debug|Any CPU
		{4BFF58CA-48D1-4563-A1EF-766524338077}.Ad-Hoc|x86.ActiveCfg = Debug|Any CPU
		{4BFF58CA-48D1-4563-A1EF-766524338077}.Ad-Hoc|x86.Build.0 = Debug|Any CPU
		{4BFF58CA-48D1-4563-A1EF-766524338077}.Ad-Hoc|x86.Deploy.0 = Debug|Any CPU
		{4BFF58CA-48D1-4563-A1EF-766524338077}.AppStore|Any CPU.ActiveCfg = Debug|Any CPU
		{4BFF58CA-48D1-4563-A1EF-766524338077}.AppStore|Any CPU.Build.0 = Debug|Any CPU
		{4BFF58CA-48D1-4563-A1EF-766524338077}.AppStore|Any CPU.Deploy.0 = Debug|Any CPU
		{4BFF58CA-48D1-4563-A1EF-766524338077}.AppStore|ARM.ActiveCfg = Debug|Any CPU
		{4BFF58CA-48D1-4563-A1EF-766524338077}.AppStore|ARM.Build.0 = Debug|Any CPU
		{4BFF58CA-48D1-4563-A1EF-766524338077}.AppStore|ARM.Deploy.0 = Debug|Any CPU
		{4BFF58CA-48D1-4563-A1EF-766524338077}.AppStore|iPhone.ActiveCfg = Debug|Any CPU
		{4BFF58CA-48D1-4563-A1EF-766524338077}.AppStore|iPhone.Build.0 = Debug|Any CPU
		{4BFF58CA-48D1-4563-A1EF-766524338077}.AppStore|iPhone.Deploy.0 = Debug|Any CPU
		{4BFF58CA-48D1-4563-A1EF-766524338077}.AppStore|iPhoneSimulator.ActiveCfg = Debug|Any CPU
		{4BFF58CA-48D1-4563-A1EF-766524338077}.AppStore|iPhoneSimulator.Build.0 = Debug|Any CPU
		{4BFF58CA-48D1-4563-A1EF-766524338077}.AppStore|iPhoneSimulator.Deploy.0 = Debug|Any CPU
		{4BFF58CA-48D1-4563-A1EF-766524338077}.AppStore|x64.ActiveCfg = Debug|Any CPU
		{4BFF58CA-48D1-4563-A1EF-766524338077}.AppStore|x64.Build.0 = Debug|Any CPU
		{4BFF58CA-48D1-4563-A1EF-766524338077}.AppStore|x64.Deploy.0 = Debug|Any CPU
		{4BFF58CA-48D1-4563-A1EF-766524338077}.AppStore|x86.ActiveCfg = Debug|Any CPU
		{4BFF58CA-48D1-4563-A1EF-766524338077}.AppStore|x86.Build.0 = Debug|Any CPU
		{4BFF58CA-48D1-4563-A1EF-766524338077}.AppStore|x86.Deploy.0 = Debug|Any CPU
		{4BFF58CA-48D1-4563-A1EF-766524338077}.Debug|Any CPU.ActiveCfg = Debug|Any CPU
		{4BFF58CA-48D1-4563-A1EF-766524338077}.Debug|Any CPU.Build.0 = Debug|Any CPU
		{4BFF58CA-48D1-4563-A1EF-766524338077}.Debug|Any CPU.Deploy.0 = Debug|Any CPU
		{4BFF58CA-48D1-4563-A1EF-766524338077}.Debug|ARM.ActiveCfg = Debug|Any CPU
		{4BFF58CA-48D1-4563-A1EF-766524338077}.Debug|ARM.Build.0 = Debug|Any CPU
		{4BFF58CA-48D1-4563-A1EF-766524338077}.Debug|ARM.Deploy.0 = Debug|Any CPU
		{4BFF58CA-48D1-4563-A1EF-766524338077}.Debug|iPhone.ActiveCfg = Debug|Any CPU
		{4BFF58CA-48D1-4563-A1EF-766524338077}.Debug|iPhone.Build.0 = Debug|Any CPU
		{4BFF58CA-48D1-4563-A1EF-766524338077}.Debug|iPhone.Deploy.0 = Debug|Any CPU
		{4BFF58CA-48D1-4563-A1EF-766524338077}.Debug|iPhoneSimulator.ActiveCfg = Debug|Any CPU
		{4BFF58CA-48D1-4563-A1EF-766524338077}.Debug|iPhoneSimulator.Build.0 = Debug|Any CPU
		{4BFF58CA-48D1-4563-A1EF-766524338077}.Debug|iPhoneSimulator.Deploy.0 = Debug|Any CPU
		{4BFF58CA-48D1-4563-A1EF-766524338077}.Debug|x64.ActiveCfg = Debug|Any CPU
		{4BFF58CA-48D1-4563-A1EF-766524338077}.Debug|x64.Build.0 = Debug|Any CPU
		{4BFF58CA-48D1-4563-A1EF-766524338077}.Debug|x64.Deploy.0 = Debug|Any CPU
		{4BFF58CA-48D1-4563-A1EF-766524338077}.Debug|x86.ActiveCfg = Debug|Any CPU
		{4BFF58CA-48D1-4563-A1EF-766524338077}.Debug|x86.Build.0 = Debug|Any CPU
		{4BFF58CA-48D1-4563-A1EF-766524338077}.Debug|x86.Deploy.0 = Debug|Any CPU
		{4BFF58CA-48D1-4563-A1EF-766524338077}.Release|Any CPU.ActiveCfg = Release|Any CPU
		{4BFF58CA-48D1-4563-A1EF-766524338077}.Release|Any CPU.Build.0 = Release|Any CPU
		{4BFF58CA-48D1-4563-A1EF-766524338077}.Release|Any CPU.Deploy.0 = Release|Any CPU
		{4BFF58CA-48D1-4563-A1EF-766524338077}.Release|ARM.ActiveCfg = Release|Any CPU
		{4BFF58CA-48D1-4563-A1EF-766524338077}.Release|ARM.Build.0 = Release|Any CPU
		{4BFF58CA-48D1-4563-A1EF-766524338077}.Release|ARM.Deploy.0 = Release|Any CPU
		{4BFF58CA-48D1-4563-A1EF-766524338077}.Release|iPhone.ActiveCfg = Release|Any CPU
		{4BFF58CA-48D1-4563-A1EF-766524338077}.Release|iPhone.Build.0 = Release|Any CPU
		{4BFF58CA-48D1-4563-A1EF-766524338077}.Release|iPhone.Deploy.0 = Release|Any CPU
		{4BFF58CA-48D1-4563-A1EF-766524338077}.Release|iPhoneSimulator.ActiveCfg = Release|Any CPU
		{4BFF58CA-48D1-4563-A1EF-766524338077}.Release|iPhoneSimulator.Build.0 = Release|Any CPU
		{4BFF58CA-48D1-4563-A1EF-766524338077}.Release|iPhoneSimulator.Deploy.0 = Release|Any CPU
		{4BFF58CA-48D1-4563-A1EF-766524338077}.Release|x64.ActiveCfg = Release|Any CPU
		{4BFF58CA-48D1-4563-A1EF-766524338077}.Release|x64.Build.0 = Release|Any CPU
		{4BFF58CA-48D1-4563-A1EF-766524338077}.Release|x64.Deploy.0 = Release|Any CPU
		{4BFF58CA-48D1-4563-A1EF-766524338077}.Release|x86.ActiveCfg = Release|Any CPU
		{4BFF58CA-48D1-4563-A1EF-766524338077}.Release|x86.Build.0 = Release|Any CPU
		{4BFF58CA-48D1-4563-A1EF-766524338077}.Release|x86.Deploy.0 = Release|Any CPU
	EndGlobalSection
	GlobalSection(SolutionProperties) = preSolution
		HideSolutionNode = FALSE
	EndGlobalSection
	GlobalSection(ExtensibilityGlobals) = postSolution
		SolutionGuid = {9E3085E1-CA90-4727-9FDC-77AF03A08E28}
	EndGlobalSection
EndGlobal
